
Microsoft Visual Studio Solution File, Format Version 12.00
# Visual Studio Version 17
VisualStudioVersion = 17.4.33122.133
MinimumVisualStudioVersion = 10.0.40219.1
Project("{9A19103F-16F7-4668-BE54-9A1E7A4F7556}") = "Day1", "Day1\Day1\Day1.csproj", "{8D594323-1860-4D7A-8743-F959BF31012C}"
EndProject
Project("{9A19103F-16F7-4668-BE54-9A1E7A4F7556}") = "Day1Test", "Day1\Day1Test\Day1Test.csproj", "{5B6A6A13-3303-4B6C-9D83-1AA6F2EF1B2B}"
EndProject
Project("{9A19103F-16F7-4668-BE54-9A1E7A4F7556}") = "Day2", "Day2\Day2\Day2.csproj", "{D366BE4E-AD98-462D-901F-8CBF0BFA70A4}"
EndProject
Project("{9A19103F-16F7-4668-BE54-9A1E7A4F7556}") = "Day2Test", "Day2\Day2Test\Day2Test.csproj", "{4B3D483D-4BA2-4069-BC00-CC716B1BAD0E}"
EndProject
Project("{9A19103F-16F7-4668-BE54-9A1E7A4F7556}") = "Day3", "Day3\Day3\Day3.csproj", "{1DEF9FF8-033E-459B-8A7E-B64BF5EDFC4E}"
EndProject
Project("{9A19103F-16F7-4668-BE54-9A1E7A4F7556}") = "Day3Test", "Day3\Day3Test\Day3Test.csproj", "{8E4D3B81-A42F-486D-8C91-0E01E9F588B7}"
EndProject
Project("{9A19103F-16F7-4668-BE54-9A1E7A4F7556}") = "Day4", "Day4\Day4\Day4.csproj", "{19CC7E42-B740-4410-8765-33F0F961DBD5}"
EndProject
Project("{9A19103F-16F7-4668-BE54-9A1E7A4F7556}") = "Day4Test", "Day4\Day4Test\Day4Test.csproj", "{1BAB2770-9879-4D4E-B0DE-26832A842F92}"
EndProject
Project("{9A19103F-16F7-4668-BE54-9A1E7A4F7556}") = "Day5", "Day5\Day5.csproj", "{813675A2-144A-440D-A0CF-5CBA9B29A224}"
EndProject
Project("{9A19103F-16F7-4668-BE54-9A1E7A4F7556}") = "Common", "Common\Common.csproj", "{694CB719-F76D-4CCF-8C91-FBD33798C75C}"
EndProject
Project("{9A19103F-16F7-4668-BE54-9A1E7A4F7556}") = "Day6", "Day6\Day6.csproj", "{B31E9A50-E2A9-48EA-AA8B-BFAD3A09C0D7}"
EndProject
Project("{9A19103F-16F7-4668-BE54-9A1E7A4F7556}") = "Day7", "Day7\Day7.csproj", "{62F42E8B-3E52-4590-98CA-6723E681F817}"
EndProject
Project("{9A19103F-16F7-4668-BE54-9A1E7A4F7556}") = "Day8", "Day8\Day8.csproj", "{73865A64-7C6F-43BB-8B20-A837A8493B81}"
EndProject
Project("{9A19103F-16F7-4668-BE54-9A1E7A4F7556}") = "Day9", "Day9\Day9.csproj", "{47E659BB-6568-4B8E-8FF3-DC086A5122B9}"
EndProject
Project("{9A19103F-16F7-4668-BE54-9A1E7A4F7556}") = "Day10", "Day10\Day10.csproj", "{AA54D951-9A0F-46BC-9B48-60F4BC57C299}"
EndProject
Project("{9A19103F-16F7-4668-BE54-9A1E7A4F7556}") = "Day11", "Day11\Day11.csproj", "{45E470F6-5831-4366-ACEA-C0C079E61D50}"
EndProject
Project("{9A19103F-16F7-4668-BE54-9A1E7A4F7556}") = "Day12", "Day12\Day12.csproj", "{BD62A9BD-F157-4B0C-819A-0BFAFA249CB7}"
EndProject
Project("{9A19103F-16F7-4668-BE54-9A1E7A4F7556}") = "Day13", "Day13\Day13.csproj", "{65D134CE-6471-4D24-BFC4-EB00CEC979D3}"
EndProject
Project("{9A19103F-16F7-4668-BE54-9A1E7A4F7556}") = "Day14", "Day14\Day14.csproj", "{37BCDDA6-AC26-4C51-BCDB-37523DE7624D}"
EndProject
Project("{FAE04EC0-301F-11D3-BF4B-00C04F79EFBC}") = "Day15", "Day15\Day15.csproj", "{DD56B470-ED62-4B20-A598-D0AF7C550D64}"
EndProject
Global
	GlobalSection(SolutionConfigurationPlatforms) = preSolution
		Debug|Any CPU = Debug|Any CPU
		Release|Any CPU = Release|Any CPU
	EndGlobalSection
	GlobalSection(ProjectConfigurationPlatforms) = postSolution
		{8D594323-1860-4D7A-8743-F959BF31012C}.Debug|Any CPU.ActiveCfg = Debug|Any CPU
		{8D594323-1860-4D7A-8743-F959BF31012C}.Debug|Any CPU.Build.0 = Debug|Any CPU
		{8D594323-1860-4D7A-8743-F959BF31012C}.Release|Any CPU.ActiveCfg = Release|Any CPU
		{8D594323-1860-4D7A-8743-F959BF31012C}.Release|Any CPU.Build.0 = Release|Any CPU
		{5B6A6A13-3303-4B6C-9D83-1AA6F2EF1B2B}.Debug|Any CPU.ActiveCfg = Debug|Any CPU
		{5B6A6A13-3303-4B6C-9D83-1AA6F2EF1B2B}.Debug|Any CPU.Build.0 = Debug|Any CPU
		{5B6A6A13-3303-4B6C-9D83-1AA6F2EF1B2B}.Release|Any CPU.ActiveCfg = Release|Any CPU
		{5B6A6A13-3303-4B6C-9D83-1AA6F2EF1B2B}.Release|Any CPU.Build.0 = Release|Any CPU
		{D366BE4E-AD98-462D-901F-8CBF0BFA70A4}.Debug|Any CPU.ActiveCfg = Debug|Any CPU
		{D366BE4E-AD98-462D-901F-8CBF0BFA70A4}.Debug|Any CPU.Build.0 = Debug|Any CPU
		{D366BE4E-AD98-462D-901F-8CBF0BFA70A4}.Release|Any CPU.ActiveCfg = Release|Any CPU
		{D366BE4E-AD98-462D-901F-8CBF0BFA70A4}.Release|Any CPU.Build.0 = Release|Any CPU
		{4B3D483D-4BA2-4069-BC00-CC716B1BAD0E}.Debug|Any CPU.ActiveCfg = Debug|Any CPU
		{4B3D483D-4BA2-4069-BC00-CC716B1BAD0E}.Debug|Any CPU.Build.0 = Debug|Any CPU
		{4B3D483D-4BA2-4069-BC00-CC716B1BAD0E}.Release|Any CPU.ActiveCfg = Release|Any CPU
		{4B3D483D-4BA2-4069-BC00-CC716B1BAD0E}.Release|Any CPU.Build.0 = Release|Any CPU
		{1DEF9FF8-033E-459B-8A7E-B64BF5EDFC4E}.Debug|Any CPU.ActiveCfg = Debug|Any CPU
		{1DEF9FF8-033E-459B-8A7E-B64BF5EDFC4E}.Debug|Any CPU.Build.0 = Debug|Any CPU
		{1DEF9FF8-033E-459B-8A7E-B64BF5EDFC4E}.Release|Any CPU.ActiveCfg = Release|Any CPU
		{1DEF9FF8-033E-459B-8A7E-B64BF5EDFC4E}.Release|Any CPU.Build.0 = Release|Any CPU
		{8E4D3B81-A42F-486D-8C91-0E01E9F588B7}.Debug|Any CPU.ActiveCfg = Debug|Any CPU
		{8E4D3B81-A42F-486D-8C91-0E01E9F588B7}.Debug|Any CPU.Build.0 = Debug|Any CPU
		{8E4D3B81-A42F-486D-8C91-0E01E9F588B7}.Release|Any CPU.ActiveCfg = Release|Any CPU
		{8E4D3B81-A42F-486D-8C91-0E01E9F588B7}.Release|Any CPU.Build.0 = Release|Any CPU
		{19CC7E42-B740-4410-8765-33F0F961DBD5}.Debug|Any CPU.ActiveCfg = Debug|Any CPU
		{19CC7E42-B740-4410-8765-33F0F961DBD5}.Debug|Any CPU.Build.0 = Debug|Any CPU
		{19CC7E42-B740-4410-8765-33F0F961DBD5}.Release|Any CPU.ActiveCfg = Release|Any CPU
		{19CC7E42-B740-4410-8765-33F0F961DBD5}.Release|Any CPU.Build.0 = Release|Any CPU
		{1BAB2770-9879-4D4E-B0DE-26832A842F92}.Debug|Any CPU.ActiveCfg = Debug|Any CPU
		{1BAB2770-9879-4D4E-B0DE-26832A842F92}.Debug|Any CPU.Build.0 = Debug|Any CPU
		{1BAB2770-9879-4D4E-B0DE-26832A842F92}.Release|Any CPU.ActiveCfg = Release|Any CPU
		{1BAB2770-9879-4D4E-B0DE-26832A842F92}.Release|Any CPU.Build.0 = Release|Any CPU
		{813675A2-144A-440D-A0CF-5CBA9B29A224}.Debug|Any CPU.ActiveCfg = Debug|Any CPU
		{813675A2-144A-440D-A0CF-5CBA9B29A224}.Debug|Any CPU.Build.0 = Debug|Any CPU
		{813675A2-144A-440D-A0CF-5CBA9B29A224}.Release|Any CPU.ActiveCfg = Release|Any CPU
		{813675A2-144A-440D-A0CF-5CBA9B29A224}.Release|Any CPU.Build.0 = Release|Any CPU
		{694CB719-F76D-4CCF-8C91-FBD33798C75C}.Debug|Any CPU.ActiveCfg = Debug|Any CPU
		{694CB719-F76D-4CCF-8C91-FBD33798C75C}.Debug|Any CPU.Build.0 = Debug|Any CPU
		{694CB719-F76D-4CCF-8C91-FBD33798C75C}.Release|Any CPU.ActiveCfg = Release|Any CPU
		{694CB719-F76D-4CCF-8C91-FBD33798C75C}.Release|Any CPU.Build.0 = Release|Any CPU
		{B31E9A50-E2A9-48EA-AA8B-BFAD3A09C0D7}.Debug|Any CPU.ActiveCfg = Debug|Any CPU
		{B31E9A50-E2A9-48EA-AA8B-BFAD3A09C0D7}.Debug|Any CPU.Build.0 = Debug|Any CPU
		{B31E9A50-E2A9-48EA-AA8B-BFAD3A09C0D7}.Release|Any CPU.ActiveCfg = Release|Any CPU
		{B31E9A50-E2A9-48EA-AA8B-BFAD3A09C0D7}.Release|Any CPU.Build.0 = Release|Any CPU
		{62F42E8B-3E52-4590-98CA-6723E681F817}.Debug|Any CPU.ActiveCfg = Debug|Any CPU
		{62F42E8B-3E52-4590-98CA-6723E681F817}.Debug|Any CPU.Build.0 = Debug|Any CPU
		{62F42E8B-3E52-4590-98CA-6723E681F817}.Release|Any CPU.ActiveCfg = Release|Any CPU
		{62F42E8B-3E52-4590-98CA-6723E681F817}.Release|Any CPU.Build.0 = Release|Any CPU
		{73865A64-7C6F-43BB-8B20-A837A8493B81}.Debug|Any CPU.ActiveCfg = Debug|Any CPU
		{73865A64-7C6F-43BB-8B20-A837A8493B81}.Debug|Any CPU.Build.0 = Debug|Any CPU
		{73865A64-7C6F-43BB-8B20-A837A8493B81}.Release|Any CPU.ActiveCfg = Release|Any CPU
		{73865A64-7C6F-43BB-8B20-A837A8493B81}.Release|Any CPU.Build.0 = Release|Any CPU
		{47E659BB-6568-4B8E-8FF3-DC086A5122B9}.Debug|Any CPU.ActiveCfg = Debug|Any CPU
		{47E659BB-6568-4B8E-8FF3-DC086A5122B9}.Debug|Any CPU.Build.0 = Debug|Any CPU
		{47E659BB-6568-4B8E-8FF3-DC086A5122B9}.Release|Any CPU.ActiveCfg = Release|Any CPU
		{47E659BB-6568-4B8E-8FF3-DC086A5122B9}.Release|Any CPU.Build.0 = Release|Any CPU
		{AA54D951-9A0F-46BC-9B48-60F4BC57C299}.Debug|Any CPU.ActiveCfg = Debug|Any CPU
		{AA54D951-9A0F-46BC-9B48-60F4BC57C299}.Debug|Any CPU.Build.0 = Debug|Any CPU
		{AA54D951-9A0F-46BC-9B48-60F4BC57C299}.Release|Any CPU.ActiveCfg = Release|Any CPU
		{AA54D951-9A0F-46BC-9B48-60F4BC57C299}.Release|Any CPU.Build.0 = Release|Any CPU
		{45E470F6-5831-4366-ACEA-C0C079E61D50}.Debug|Any CPU.ActiveCfg = Debug|Any CPU
		{45E470F6-5831-4366-ACEA-C0C079E61D50}.Debug|Any CPU.Build.0 = Debug|Any CPU
		{45E470F6-5831-4366-ACEA-C0C079E61D50}.Release|Any CPU.ActiveCfg = Release|Any CPU
		{45E470F6-5831-4366-ACEA-C0C079E61D50}.Release|Any CPU.Build.0 = Release|Any CPU
		{BD62A9BD-F157-4B0C-819A-0BFAFA249CB7}.Debug|Any CPU.ActiveCfg = Debug|Any CPU
		{BD62A9BD-F157-4B0C-819A-0BFAFA249CB7}.Debug|Any CPU.Build.0 = Debug|Any CPU
		{BD62A9BD-F157-4B0C-819A-0BFAFA249CB7}.Release|Any CPU.ActiveCfg = Release|Any CPU
		{BD62A9BD-F157-4B0C-819A-0BFAFA249CB7}.Release|Any CPU.Build.0 = Release|Any CPU
		{65D134CE-6471-4D24-BFC4-EB00CEC979D3}.Debug|Any CPU.ActiveCfg = Debug|Any CPU
		{65D134CE-6471-4D24-BFC4-EB00CEC979D3}.Debug|Any CPU.Build.0 = Debug|Any CPU
		{65D134CE-6471-4D24-BFC4-EB00CEC979D3}.Release|Any CPU.ActiveCfg = Release|Any CPU
		{65D134CE-6471-4D24-BFC4-EB00CEC979D3}.Release|Any CPU.Build.0 = Release|Any CPU
		{37BCDDA6-AC26-4C51-BCDB-37523DE7624D}.Debug|Any CPU.ActiveCfg = Debug|Any CPU
		{37BCDDA6-AC26-4C51-BCDB-37523DE7624D}.Debug|Any CPU.Build.0 = Debug|Any CPU
		{37BCDDA6-AC26-4C51-BCDB-37523DE7624D}.Release|Any CPU.ActiveCfg = Release|Any CPU
		{37BCDDA6-AC26-4C51-BCDB-37523DE7624D}.Release|Any CPU.Build.0 = Release|Any CPU
		{DD56B470-ED62-4B20-A598-D0AF7C550D64}.Debug|Any CPU.ActiveCfg = Debug|Any CPU
		{DD56B470-ED62-4B20-A598-D0AF7C550D64}.Debug|Any CPU.Build.0 = Debug|Any CPU
		{DD56B470-ED62-4B20-A598-D0AF7C550D64}.Release|Any CPU.ActiveCfg = Release|Any CPU
		{DD56B470-ED62-4B20-A598-D0AF7C550D64}.Release|Any CPU.Build.0 = Release|Any CPU
	EndGlobalSection
	GlobalSection(SolutionProperties) = preSolution
		HideSolutionNode = FALSE
	EndGlobalSection
	GlobalSection(ExtensibilityGlobals) = postSolution
		SolutionGuid = {8A736C2E-0792-41A7-B016-A21032CEDB17}
	EndGlobalSection
EndGlobal
